# This file is automatically @generated by Cargo.
# It is not intended for manual editing.
version = 4

[[package]]
name = "aoc-2025"
version = "0.1.0"
dependencies = [
 "bitvec",
 "good_lp",
 "union-find",
]

[[package]]
name = "bitflags"
version = "2.10.0"
source = "registry+https://github.com/rust-lang/crates.io-index"
checksum = "812e12b5285cc515a9c72a5c1d3b6d46a19dac5acfef5265968c166106e31dd3"

[[package]]
name = "bitvec"
version = "1.0.1"
source = "registry+https://github.com/rust-lang/crates.io-index"
checksum = "1bc2832c24239b0141d5674bb9174f9d68a8b5b3f2753311927c172ca46f7e9c"
dependencies = [
 "funty",
 "radium",
 "tap",
 "wyz",
]

[[package]]
name = "cc"
version = "1.2.49"
source = "registry+https://github.com/rust-lang/crates.io-index"
checksum = "90583009037521a116abf44494efecd645ba48b6622457080f080b85544e2215"
dependencies = [
 "find-msvc-tools",
 "shlex",
]

[[package]]
name = "find-msvc-tools"
version = "0.1.5"
source = "registry+https://github.com/rust-lang/crates.io-index"
checksum = "3a3076410a55c90011c298b04d0cfa770b00fa04e1e3c97d3f6c9de105a03844"

[[package]]
name = "fnv"
version = "1.0.7"
source = "registry+https://github.com/rust-lang/crates.io-index"
checksum = "3f9eec918d3f24069decb9af1554cad7c880e2da24a9afd88aca000531ab82c1"

[[package]]
name = "funty"
version = "2.0.0"
source = "registry+https://github.com/rust-lang/crates.io-index"
checksum = "e6d5a32815ae3f33302d95fdcb2ce17862f8c65363dcfd29360480ba1001fc9c"

[[package]]
name = "good_lp"
version = "1.14.2"
source = "registry+https://github.com/rust-lang/crates.io-index"
checksum = "776aa1ba88ac058e78408c17f4dbff826a51ae08ed6642f71ca0edd7fe9383f3"
dependencies = [
 "fnv",
 "lpsolve",
]

[[package]]
name = "libc"
version = "0.2.178"
source = "registry+https://github.com/rust-lang/crates.io-index"
checksum = "37c93d8daa9d8a012fd8ab92f088405fb202ea0b6ab73ee2482ae66af4f42091"

[[package]]
name = "lpsolve"
version = "1.0.1"
source = "registry+https://github.com/rust-lang/crates.io-index"
checksum = "d5be7defc573a2f5ca0542e5a4462bb19c23e164bd3d564f2be8bad725fd4283"
dependencies = [
 "bitflags",
 "libc",
 "lpsolve-sys",
]

[[package]]
name = "lpsolve-sys"
version = "5.5.2"
source = "registry+https://github.com/rust-lang/crates.io-index"
checksum = "77814adc38034868c16aaa7d6438fac093f3b090d78f6348b96f70b372349a6d"
dependencies = [
 "cc",
 "libc",
]

[[package]]
name = "radium"
version = "0.7.0"
source = "registry+https://github.com/rust-lang/crates.io-index"
checksum = "dc33ff2d4973d518d823d61aa239014831e521c75da58e3df4840d3f47749d09"

[[package]]
name = "shlex"
version = "1.3.0"
source = "registry+https://github.com/rust-lang/crates.io-index"
checksum = "0fda2ff0d084019ba4d7c6f371c95d8fd75ce3524c3cb8fb653a3023f6323e64"

[[package]]
name = "tap"
version = "1.0.1"
source = "registry+https://github.com/rust-lang/crates.io-index"
checksum = "55937e1799185b12863d447f42597ed69d9928686b8d88a1df17376a097d8369"

[[package]]
name = "union-find"
version = "0.4.3"
source = "registry+https://github.com/rust-lang/crates.io-index"
checksum = "039142448432983c34b64739f8526f8f233a1eec7a66e61b6ab29acfa781194e"

[[package]]
name = "wyz"
version = "0.5.1"
source = "registry+https://github.com/rust-lang/crates.io-index"
checksum = "05f360fc0b24296329c78fda852a1e9ae82de9cf7b27dae4b7f62f118f77b9ed"
dependencies = [
 "tap",
]
